// !$*UTF8*$!
{
	archiveVersion = 1;
	classes = {
	};
	objectVersion = 56;
	objects = {

/* Begin PBXBuildFile section */
		B307ACAB2C8FD92100B0C032 /* EquiPayApp.swift in Sources */ = {isa = PBXBuildFile; fileRef = B307ACAA2C8FD92100B0C032 /* EquiPayApp.swift */; };
		B307ACAD2C8FD92100B0C032 /* ContentView.swift in Sources */ = {isa = PBXBuildFile; fileRef = B307ACAC2C8FD92100B0C032 /* ContentView.swift */; };
		B307ACAF2C8FD92200B0C032 /* Assets.xcassets in Resources */ = {isa = PBXBuildFile; fileRef = B307ACAE2C8FD92200B0C032 /* Assets.xcassets */; };
		B307ACB22C8FD92200B0C032 /* Preview Assets.xcassets in Resources */ = {isa = PBXBuildFile; fileRef = B307ACB12C8FD92200B0C032 /* Preview Assets.xcassets */; };
		B307ACBB2C8FE38600B0C032 /* SignUpView.swift in Sources */ = {isa = PBXBuildFile; fileRef = B307ACBA2C8FE38600B0C032 /* SignUpView.swift */; };
		B307ACBD2C8FE4C800B0C032 /* HomeView.swift in Sources */ = {isa = PBXBuildFile; fileRef = B307ACBC2C8FE4C800B0C032 /* HomeView.swift */; };
		B307ACC22C927E1A00B0C032 /* DonutChartView.swift in Sources */ = {isa = PBXBuildFile; fileRef = B307ACC12C927E1A00B0C032 /* DonutChartView.swift */; };
		B38783652C92820D007B8825 /* TransactionItemView.swift in Sources */ = {isa = PBXBuildFile; fileRef = B38783642C92820D007B8825 /* TransactionItemView.swift */; };
		B38783672C928979007B8825 /* AppMenu.swift in Sources */ = {isa = PBXBuildFile; fileRef = B38783662C928979007B8825 /* AppMenu.swift */; };
/* End PBXBuildFile section */

/* Begin PBXFileReference section */
		B307ACA72C8FD92100B0C032 /* EquiPay.app */ = {isa = PBXFileReference; explicitFileType = wrapper.application; includeInIndex = 0; path = EquiPay.app; sourceTree = BUILT_PRODUCTS_DIR; };
		B307ACAA2C8FD92100B0C032 /* EquiPayApp.swift */ = {isa = PBXFileReference; lastKnownFileType = sourcecode.swift; path = EquiPayApp.swift; sourceTree = "<group>"; };
		B307ACAC2C8FD92100B0C032 /* ContentView.swift */ = {isa = PBXFileReference; lastKnownFileType = sourcecode.swift; path = ContentView.swift; sourceTree = "<group>"; };
		B307ACAE2C8FD92200B0C032 /* Assets.xcassets */ = {isa = PBXFileReference; lastKnownFileType = folder.assetcatalog; path = Assets.xcassets; sourceTree = "<group>"; };
		B307ACB12C8FD92200B0C032 /* Preview Assets.xcassets */ = {isa = PBXFileReference; lastKnownFileType = folder.assetcatalog; path = "Preview Assets.xcassets"; sourceTree = "<group>"; };
		B307ACBA2C8FE38600B0C032 /* SignUpView.swift */ = {isa = PBXFileReference; lastKnownFileType = sourcecode.swift; path = SignUpView.swift; sourceTree = "<group>"; };
		B307ACBC2C8FE4C800B0C032 /* HomeView.swift */ = {isa = PBXFileReference; lastKnownFileType = sourcecode.swift; path = HomeView.swift; sourceTree = "<group>"; };
		B307ACC12C927E1A00B0C032 /* DonutChartView.swift */ = {isa = PBXFileReference; lastKnownFileType = sourcecode.swift; path = DonutChartView.swift; sourceTree = "<group>"; };
		B38783642C92820D007B8825 /* TransactionItemView.swift */ = {isa = PBXFileReference; lastKnownFileType = sourcecode.swift; path = TransactionItemView.swift; sourceTree = "<group>"; };
		B38783662C928979007B8825 /* AppMenu.swift */ = {isa = PBXFileReference; lastKnownFileType = sourcecode.swift; path = AppMenu.swift; sourceTree = "<group>"; };
/* End PBXFileReference section */

/* Begin PBXFrameworksBuildPhase section */
		B307ACA42C8FD92100B0C032 /* Frameworks */ = {
			isa = PBXFrameworksBuildPhase;
			buildActionMask = 2147483647;
			files = (
			);
			runOnlyForDeploymentPostprocessing = 0;
		};
/* End PBXFrameworksBuildPhase section */

/* Begin PBXGroup section */
		B307AC9E2C8FD92100B0C032 = {
			isa = PBXGroup;
			children = (
				B307ACA92C8FD92100B0C032 /* EquiPay */,
				B307ACA82C8FD92100B0C032 /* Products */,
			);
			sourceTree = "<group>";
		};
		B307ACA82C8FD92100B0C032 /* Products */ = {
			isa = PBXGroup;
			children = (
				B307ACA72C8FD92100B0C032 /* EquiPay.app */,
			);
			name = Products;
			sourceTree = "<group>";
		};
		B307ACA92C8FD92100B0C032 /* EquiPay */ = {
			isa = PBXGroup;
			children = (
				B38783662C928979007B8825 /* AppMenu.swift */,
				B307ACAC2C8FD92100B0C032 /* ContentView.swift */,
				B307ACAA2C8FD92100B0C032 /* EquiPayApp.swift */,
				B307ACBE2C927CFE00B0C032 /* Home */,
				B307ACBA2C8FE38600B0C032 /* SignUpView.swift */,
				B307ACAE2C8FD92200B0C032 /* Assets.xcassets */,
				B307ACB02C8FD92200B0C032 /* Preview Content */,
			);
			path = EquiPay;
			sourceTree = "<group>";
		};
		B307ACB02C8FD92200B0C032 /* Preview Content */ = {
			isa = PBXGroup;
			children = (
				B307ACB12C8FD92200B0C032 /* Preview Assets.xcassets */,
			);
			path = "Preview Content";
			sourceTree = "<group>";
		};
		B307ACBE2C927CFE00B0C032 /* Home */ = {
			isa = PBXGroup;
			children = (
				B307ACBC2C8FE4C800B0C032 /* HomeView.swift */,
				B307ACC12C927E1A00B0C032 /* DonutChartView.swift */,
				B38783642C92820D007B8825 /* TransactionItemView.swift */,
			);
			path = Home;
			sourceTree = "<group>";
		};
/* End PBXGroup section */

/* Begin PBXNativeTarget section */
		B307ACA62C8FD92100B0C032 /* EquiPay */ = {
			isa = PBXNativeTarget;
			buildConfigurationList = B307ACB52C8FD92200B0C032 /* Build configuration list for PBXNativeTarget "EquiPay" */;
			buildPhases = (
				B307ACA32C8FD92100B0C032 /* Sources */,
				B307ACA42C8FD92100B0C032 /* Frameworks */,
				B307ACA52C8FD92100B0C032 /* Resources */,
			);
			buildRules = (
			);
			dependencies = (
			);
			name = EquiPay;
			productName = EquiPay;
			productReference = B307ACA72C8FD92100B0C032 /* EquiPay.app */;
			productType = "com.apple.product-type.application";
		};
/* End PBXNativeTarget section */

/* Begin PBXProject section */
		B307AC9F2C8FD92100B0C032 /* Project object */ = {
			isa = PBXProject;
			attributes = {
				BuildIndependentTargetsInParallel = 1;
				LastSwiftUpdateCheck = 1540;
				LastUpgradeCheck = 1540;
				TargetAttributes = {
					B307ACA62C8FD92100B0C032 = {
						CreatedOnToolsVersion = 15.4;
					};
				};
			};
			buildConfigurationList = B307ACA22C8FD92100B0C032 /* Build configuration list for PBXProject "EquiPay" */;
			compatibilityVersion = "Xcode 14.0";
			developmentRegion = en;
			hasScannedForEncodings = 0;
			knownRegions = (
				en,
				Base,
			);
			mainGroup = B307AC9E2C8FD92100B0C032;
			productRefGroup = B307ACA82C8FD92100B0C032 /* Products */;
			projectDirPath = "";
			projectRoot = "";
			targets = (
				B307ACA62C8FD92100B0C032 /* EquiPay */,
			);
		};
/* End PBXProject section */

/* Begin PBXResourcesBuildPhase section */
		B307ACA52C8FD92100B0C032 /* Resources */ = {
			isa = PBXResourcesBuildPhase;
			buildActionMask = 2147483647;
			files = (
				B307ACB22C8FD92200B0C032 /* Preview Assets.xcassets in Resources */,
				B307ACAF2C8FD92200B0C032 /* Assets.xcassets in Resources */,
			);
			runOnlyForDeploymentPostprocessing = 0;
		};
/* End PBXResourcesBuildPhase section */

/* Begin PBXSourcesBuildPhase section */
		B307ACA32C8FD92100B0C032 /* Sources */ = {
			isa = PBXSourcesBuildPhase;
			buildActionMask = 2147483647;
			files = (
				B38783652C92820D007B8825 /* TransactionItemView.swift in Sources */,
				B307ACAD2C8FD92100B0C032 /* ContentView.swift in Sources */,
				B307ACC22C927E1A00B0C032 /* DonutChartView.swift in Sources */,
				B38783672C928979007B8825 /* AppMenu.swift in Sources */,
				B307ACBD2C8FE4C800B0C032 /* HomeView.swift in Sources */,
				B307ACBB2C8FE38600B0C032 /* SignUpView.swift in Sources */,
				B307ACAB2C8FD92100B0C032 /* EquiPayApp.swift in Sources */,
			);
			runOnlyForDeploymentPostprocessing = 0;
		};
/* End PBXSourcesBuildPhase section */

/* Begin XCBuildConfiguration section */
		B307ACB32C8FD92200B0C032 /* Debug */ = {
			isa = XCBuildConfiguration;
			buildSettings = {
				ALWAYS_SEARCH_USER_PATHS = NO;
				ASSETCATALOG_COMPILER_GENERATE_SWIFT_ASSET_SYMBOL_EXTENSIONS = YES;
				CLANG_ANALYZER_NONNULL = YES;
				CLANG_ANALYZER_NUMBER_OBJECT_CONVERSION = YES_AGGRESSIVE;
				CLANG_CXX_LANGUAGE_STANDARD = "gnu++20";
				CLANG_ENABLE_MODULES = YES;
				CLANG_ENABLE_OBJC_ARC = YES;
				CLANG_ENABLE_OBJC_WEAK = YES;
				CLANG_WARN_BLOCK_CAPTURE_AUTORELEASING = YES;
				CLANG_WARN_BOOL_CONVERSION = YES;
				CLANG_WARN_COMMA = YES;
				CLANG_WARN_CONSTANT_CONVERSION = YES;
				CLANG_WARN_DEPRECATED_OBJC_IMPLEMENTATIONS = YES;
				CLANG_WARN_DIRECT_OBJC_ISA_USAGE = YES_ERROR;
				CLANG_WARN_DOCUMENTATION_COMMENTS = YES;
				CLANG_WARN_EMPTY_BODY = YES;
				CLANG_WARN_ENUM_CONVERSION = YES;
				CLANG_WARN_INFINITE_RECURSION = YES;
				CLANG_WARN_INT_CONVERSION = YES;
				CLANG_WARN_NON_LITERAL_NULL_CONVERSION = YES;
				CLANG_WARN_OBJC_IMPLICIT_RETAIN_SELF = YES;
				CLANG_WARN_OBJC_LITERAL_CONVERSION = YES;
				CLANG_WARN_OBJC_ROOT_CLASS = YES_ERROR;
				CLANG_WARN_QUOTED_INCLUDE_IN_FRAMEWORK_HEADER = YES;
				CLANG_WARN_RANGE_LOOP_ANALYSIS = YES;
				CLANG_WARN_STRICT_PROTOTYPES = YES;
				CLANG_WARN_SUSPICIOUS_MOVE = YES;
				CLANG_WARN_UNGUARDED_AVAILABILITY = YES_AGGRESSIVE;
				CLANG_WARN_UNREACHABLE_CODE = YES;
				CLANG_WARN__DUPLICATE_METHOD_MATCH = YES;
				COPY_PHASE_STRIP = NO;
				DEBUG_INFORMATION_FORMAT = dwarf;
				ENABLE_STRICT_OBJC_MSGSEND = YES;
				ENABLE_TESTABILITY = YES;
				ENABLE_USER_SCRIPT_SANDBOXING = YES;
				GCC_C_LANGUAGE_STANDARD = gnu17;
				GCC_DYNAMIC_NO_PIC = NO;
				GCC_NO_COMMON_BLOCKS = YES;
				GCC_OPTIMIZATION_LEVEL = 0;
				GCC_PREPROCESSOR_DEFINITIONS = (
					"DEBUG=1",
					"$(inherited)",
				);
				GCC_WARN_64_TO_32_BIT_CONVERSION = YES;
				GCC_WARN_ABOUT_RETURN_TYPE = YES_ERROR;
				GCC_WARN_UNDECLARED_SELECTOR = YES;
				GCC_WARN_UNINITIALIZED_AUTOS = YES_AGGRESSIVE;
				GCC_WARN_UNUSED_FUNCTION = YES;
				GCC_WARN_UNUSED_VARIABLE = YES;
				IPHONEOS_DEPLOYMENT_TARGET = 17.5;
				LOCALIZATION_PREFERS_STRING_CATALOGS = YES;
				MTL_ENABLE_DEBUG_INFO = INCLUDE_SOURCE;
				MTL_FAST_MATH = YES;
				ONLY_ACTIVE_ARCH = YES;
				SDKROOT = iphoneos;
				SWIFT_ACTIVE_COMPILATION_CONDITIONS = "DEBUG $(inherited)";
				SWIFT_OPTIMIZATION_LEVEL = "-Onone";
			};
			name = Debug;
		};
		B307ACB42C8FD92200B0C032 /* Release */ = {
			isa = XCBuildConfiguration;
			buildSettings = {
				ALWAYS_SEARCH_USER_PATHS = NO;
				ASSETCATALOG_COMPILER_GENERATE_SWIFT_ASSET_SYMBOL_EXTENSIONS = YES;
				CLANG_ANALYZER_NONNULL = YES;
				CLANG_ANALYZER_NUMBER_OBJECT_CONVERSION = YES_AGGRESSIVE;
				CLANG_CXX_LANGUAGE_STANDARD = "gnu++20";
				CLANG_ENABLE_MODULES = YES;
				CLANG_ENABLE_OBJC_ARC = YES;
				CLANG_ENABLE_OBJC_WEAK = YES;
				CLANG_WARN_BLOCK_CAPTURE_AUTORELEASING = YES;
				CLANG_WARN_BOOL_CONVERSION = YES;
				CLANG_WARN_COMMA = YES;
				CLANG_WARN_CONSTANT_CONVERSION = YES;
				CLANG_WARN_DEPRECATED_OBJC_IMPLEMENTATIONS = YES;
				CLANG_WARN_DIRECT_OBJC_ISA_USAGE = YES_ERROR;
				CLANG_WARN_DOCUMENTATION_COMMENTS = YES;
				CLANG_WARN_EMPTY_BODY = YES;
				CLANG_WARN_ENUM_CONVERSION = YES;
				CLANG_WARN_INFINITE_RECURSION = YES;
				CLANG_WARN_INT_CONVERSION = YES;
				CLANG_WARN_NON_LITERAL_NULL_CONVERSION = YES;
				CLANG_WARN_OBJC_IMPLICIT_RETAIN_SELF = YES;
				CLANG_WARN_OBJC_LITERAL_CONVERSION = YES;
				CLANG_WARN_OBJC_ROOT_CLASS = YES_ERROR;
				CLANG_WARN_QUOTED_INCLUDE_IN_FRAMEWORK_HEADER = YES;
				CLANG_WARN_RANGE_LOOP_ANALYSIS = YES;
				CLANG_WARN_STRICT_PROTOTYPES = YES;
				CLANG_WARN_SUSPICIOUS_MOVE = YES;
				CLANG_WARN_UNGUARDED_AVAILABILITY = YES_AGGRESSIVE;
				CLANG_WARN_UNREACHABLE_CODE = YES;
				CLANG_WARN__DUPLICATE_METHOD_MATCH = YES;
				COPY_PHASE_STRIP = NO;
				DEBUG_INFORMATION_FORMAT = "dwarf-with-dsym";
				ENABLE_NS_ASSERTIONS = NO;
				ENABLE_STRICT_OBJC_MSGSEND = YES;
				ENABLE_USER_SCRIPT_SANDBOXING = YES;
				GCC_C_LANGUAGE_STANDARD = gnu17;
				GCC_NO_COMMON_BLOCKS = YES;
				GCC_WARN_64_TO_32_BIT_CONVERSION = YES;
				GCC_WARN_ABOUT_RETURN_TYPE = YES_ERROR;
				GCC_WARN_UNDECLARED_SELECTOR = YES;
				GCC_WARN_UNINITIALIZED_AUTOS = YES_AGGRESSIVE;
				GCC_WARN_UNUSED_FUNCTION = YES;
				GCC_WARN_UNUSED_VARIABLE = YES;
				IPHONEOS_DEPLOYMENT_TARGET = 17.5;
				LOCALIZATION_PREFERS_STRING_CATALOGS = YES;
				MTL_ENABLE_DEBUG_INFO = NO;
				MTL_FAST_MATH = YES;
				SDKROOT = iphoneos;
				SWIFT_COMPILATION_MODE = wholemodule;
				VALIDATE_PRODUCT = YES;
			};
			name = Release;
		};
		B307ACB62C8FD92200B0C032 /* Debug */ = {
			isa = XCBuildConfiguration;
			buildSettings = {
				ASSETCATALOG_COMPILER_APPICON_NAME = AppIcon;
				ASSETCATALOG_COMPILER_GLOBAL_ACCENT_COLOR_NAME = AccentColor;
				CODE_SIGN_STYLE = Automatic;
				CURRENT_PROJECT_VERSION = 1;
				DEVELOPMENT_ASSET_PATHS = "\"EquiPay/Preview Content\"";
				DEVELOPMENT_TEAM = 53W7TGPEV6;
				ENABLE_PREVIEWS = YES;
				GENERATE_INFOPLIST_FILE = YES;
				INFOPLIST_KEY_UIApplicationSceneManifest_Generation = YES;
				INFOPLIST_KEY_UIApplicationSupportsIndirectInputEvents = YES;
				INFOPLIST_KEY_UILaunchScreen_Generation = YES;
				INFOPLIST_KEY_UISupportedInterfaceOrientations_iPad = "UIInterfaceOrientationPortrait UIInterfaceOrientationPortraitUpsideDown UIInterfaceOrientationLandscapeLeft UIInterfaceOrientationLandscapeRight";
				INFOPLIST_KEY_UISupportedInterfaceOrientations_iPhone = "UIInterfaceOrientationPortrait UIInterfaceOrientationLandscapeLeft UIInterfaceOrientationLandscapeRight";
				LD_RUNPATH_SEARCH_PATHS = (
					"$(inherited)",
					"@executable_path/Frameworks",
				);
				MARKETING_VERSION = 1.0;
				PRODUCT_BUNDLE_IDENTIFIER = com.example.EquiPay;
				PRODUCT_NAME = "$(TARGET_NAME)";
				SWIFT_EMIT_LOC_STRINGS = YES;
				SWIFT_VERSION = 5.0;
				TARGETED_DEVICE_FAMILY = "1,2";
			};
			name = Debug;
		};
		B307ACB72C8FD92200B0C032 /* Release */ = {
			isa = XCBuildConfiguration;
			buildSettings = {
				ASSETCATALOG_COMPILER_APPICON_NAME = AppIcon;
				ASSETCATALOG_COMPILER_GLOBAL_ACCENT_COLOR_NAME = AccentColor;
				CODE_SIGN_STYLE = Automatic;
				CURRENT_PROJECT_VERSION = 1;
				DEVELOPMENT_ASSET_PATHS = "\"EquiPay/Preview Content\"";
				DEVELOPMENT_TEAM = 53W7TGPEV6;
				ENABLE_PREVIEWS = YES;
				GENERATE_INFOPLIST_FILE = YES;
				INFOPLIST_KEY_UIApplicationSceneManifest_Generation = YES;
				INFOPLIST_KEY_UIApplicationSupportsIndirectInputEvents = YES;
				INFOPLIST_KEY_UILaunchScreen_Generation = YES;
				INFOPLIST_KEY_UISupportedInterfaceOrientations_iPad = "UIInterfaceOrientationPortrait UIInterfaceOrientationPortraitUpsideDown UIInterfaceOrientationLandscapeLeft UIInterfaceOrientationLandscapeRight";
				INFOPLIST_KEY_UISupportedInterfaceOrientations_iPhone = "UIInterfaceOrientationPortrait UIInterfaceOrientationLandscapeLeft UIInterfaceOrientationLandscapeRight";
				LD_RUNPATH_SEARCH_PATHS = (
					"$(inherited)",
					"@executable_path/Frameworks",
				);
				MARKETING_VERSION = 1.0;
				PRODUCT_BUNDLE_IDENTIFIER = com.example.EquiPay;
				PRODUCT_NAME = "$(TARGET_NAME)";
				SWIFT_EMIT_LOC_STRINGS = YES;
				SWIFT_VERSION = 5.0;
				TARGETED_DEVICE_FAMILY = "1,2";
			};
			name = Release;
		};
/* End XCBuildConfiguration section */

/* Begin XCConfigurationList section */
		B307ACA22C8FD92100B0C032 /* Build configuration list for PBXProject "EquiPay" */ = {
			isa = XCConfigurationList;
			buildConfigurations = (
				B307ACB32C8FD92200B0C032 /* Debug */,
				B307ACB42C8FD92200B0C032 /* Release */,
			);
			defaultConfigurationIsVisible = 0;
			defaultConfigurationName = Release;
		};
		B307ACB52C8FD92200B0C032 /* Build configuration list for PBXNativeTarget "EquiPay" */ = {
			isa = XCConfigurationList;
			buildConfigurations = (
				B307ACB62C8FD92200B0C032 /* Debug */,
				B307ACB72C8FD92200B0C032 /* Release */,
			);
			defaultConfigurationIsVisible = 0;
			defaultConfigurationName = Release;
		};
/* End XCConfigurationList section */
	};
	rootObject = B307AC9F2C8FD92100B0C032 /* Project object */;
}
